
Microsoft Visual Studio Solution File, Format Version 12.00
# Visual Studio Version 17
VisualStudioVersion = 17.8.34525.116
MinimumVisualStudioVersion = 10.0.40219.1
Project("{FAE04EC0-301F-11D3-BF4B-00C04F79EFBC}") = "CalculatorApplication", "CalculatorApplication\CalculatorApplication.csproj", "{6530C332-45E8-4C88-9CDE-1865535F98EA}"
EndProject
Global
	GlobalSection(SolutionConfigurationPlatforms) = preSolution
		Debug|Any CPU = Debug|Any CPU
		Release|Any CPU = Release|Any CPU
	EndGlobalSection
	GlobalSection(ProjectConfigurationPlatforms) = postSolution
		{6530C332-45E8-4C88-9CDE-1865535F98EA}.Debug|Any CPU.ActiveCfg = Debug|Any CPU
		{6530C332-45E8-4C88-9CDE-1865535F98EA}.Debug|Any CPU.Build.0 = Debug|Any CPU
		{6530C332-45E8-4C88-9CDE-1865535F98EA}.Release|Any CPU.ActiveCfg = Release|Any CPU
		{6530C332-45E8-4C88-9CDE-1865535F98EA}.Release|Any CPU.Build.0 = Release|Any CPU
	EndGlobalSection
	GlobalSection(SolutionProperties) = preSolution
		HideSolutionNode = FALSE
	EndGlobalSection
	GlobalSection(ExtensibilityGlobals) = postSolution
		SolutionGuid = {219E72DF-F3D4-451F-9D87-26FC1D17EC89}
	EndGlobalSection
EndGlobal
